{
  "name": "tools",
  "lockfileVersion": 3,
  "requires": true,
  "packages": {
    "": {
      "dependencies": {
        "pnpm": "^7.30.0"
      }
    },
    "node_modules/pnpm": {
      "version": "7.30.0",
      "resolved": "https://registry.npmjs.org/pnpm/-/pnpm-7.30.0.tgz",
      "integrity": "sha512-6SUdrWSZ4qvQ4uBVg7smnabVKOFrT7DgSz2NfViG54nRii4ODB395qmHprBiv5WBdlC/jZYBn99fSfmzIMI3WQ==",
      "license": "MIT",
      "bin": {
        "pnpm": "bin/pnpm.cjs",
        "pnpx": "bin/pnpx.cjs"
      },
      "engines": {
        "node": ">=14.6"
      },
      "funding": {
        "url": "https://opencollective.com/pnpm"
      }
    }
  }
}
